
Microsoft Visual Studio Solution File, Format Version 12.00
# Visual Studio 15
VisualStudioVersion = 15.0.27130.2010
MinimumVisualStudioVersion = 10.0.40219.1
Project("{9A19103F-16F7-4668-BE54-9A1E7A4F7556}") = "Focus3.Transformer.Console", "Focus3.Transformer.Console\Focus3.Transformer.Console.csproj", "{B4B5F86D-B95C-420E-BD76-7E2243C2344A}"
EndProject
Project("{9A19103F-16F7-4668-BE54-9A1E7A4F7556}") = "Focus3.CsvTransformer", "Focus3.CsvTransformer\Focus3.CsvTransformer.csproj", "{59DBDFED-81D2-4919-8AEE-66ED3579A83B}"
EndProject
Project("{9A19103F-16F7-4668-BE54-9A1E7A4F7556}") = "Focus3.CsvTransformer.Tests", "Focus3.CsvTransformer.Tests\Focus3.CsvTransformer.Tests.csproj", "{ECFF758F-81D3-4890-AF4C-B0D3F9BCC819}"
EndProject
Project("{9A19103F-16F7-4668-BE54-9A1E7A4F7556}") = "Focus3.CsvTransform.CS", "Focus3.CsvTransform.CS\Focus3.CsvTransform.CS.csproj", "{C083FE84-3DA7-4444-B021-4F2D7A397E15}"
EndProject
Global
	GlobalSection(SolutionConfigurationPlatforms) = preSolution
		Debug|Any CPU = Debug|Any CPU
		Release|Any CPU = Release|Any CPU
	EndGlobalSection
	GlobalSection(ProjectConfigurationPlatforms) = postSolution
		{B4B5F86D-B95C-420E-BD76-7E2243C2344A}.Debug|Any CPU.ActiveCfg = Debug|Any CPU
		{B4B5F86D-B95C-420E-BD76-7E2243C2344A}.Debug|Any CPU.Build.0 = Debug|Any CPU
		{B4B5F86D-B95C-420E-BD76-7E2243C2344A}.Release|Any CPU.ActiveCfg = Release|Any CPU
		{B4B5F86D-B95C-420E-BD76-7E2243C2344A}.Release|Any CPU.Build.0 = Release|Any CPU
		{59DBDFED-81D2-4919-8AEE-66ED3579A83B}.Debug|Any CPU.ActiveCfg = Debug|Any CPU
		{59DBDFED-81D2-4919-8AEE-66ED3579A83B}.Debug|Any CPU.Build.0 = Debug|Any CPU
		{59DBDFED-81D2-4919-8AEE-66ED3579A83B}.Release|Any CPU.ActiveCfg = Release|Any CPU
		{59DBDFED-81D2-4919-8AEE-66ED3579A83B}.Release|Any CPU.Build.0 = Release|Any CPU
		{ECFF758F-81D3-4890-AF4C-B0D3F9BCC819}.Debug|Any CPU.ActiveCfg = Debug|Any CPU
		{ECFF758F-81D3-4890-AF4C-B0D3F9BCC819}.Debug|Any CPU.Build.0 = Debug|Any CPU
		{ECFF758F-81D3-4890-AF4C-B0D3F9BCC819}.Release|Any CPU.ActiveCfg = Release|Any CPU
		{ECFF758F-81D3-4890-AF4C-B0D3F9BCC819}.Release|Any CPU.Build.0 = Release|Any CPU
		{C083FE84-3DA7-4444-B021-4F2D7A397E15}.Debug|Any CPU.ActiveCfg = Debug|Any CPU
		{C083FE84-3DA7-4444-B021-4F2D7A397E15}.Debug|Any CPU.Build.0 = Debug|Any CPU
		{C083FE84-3DA7-4444-B021-4F2D7A397E15}.Release|Any CPU.ActiveCfg = Release|Any CPU
		{C083FE84-3DA7-4444-B021-4F2D7A397E15}.Release|Any CPU.Build.0 = Release|Any CPU
	EndGlobalSection
	GlobalSection(SolutionProperties) = preSolution
		HideSolutionNode = FALSE
	EndGlobalSection
	GlobalSection(ExtensibilityGlobals) = postSolution
		SolutionGuid = {D676F04F-C749-4776-A228-989BFED3ADE6}
	EndGlobalSection
EndGlobal
